
Microsoft Visual Studio Solution File, Format Version 12.00
# Visual Studio Version 17
VisualStudioVersion = 17.11.35303.130
MinimumVisualStudioVersion = 10.0.40219.1
Project("{2150E333-8FDC-42A3-9474-1A3956D46DE8}") = "src", "src", "{8CB4688B-68D8-4B2B-BFE2-15CDE9627CE1}"
EndProject
Project("{2150E333-8FDC-42A3-9474-1A3956D46DE8}") = "Services", "Services", "{71F95CED-A074-4E72-986C-2D6FC762EFE8}"
EndProject
Project("{2150E333-8FDC-42A3-9474-1A3956D46DE8}") = "Shared", "Shared", "{148BCB3E-675C-4EC1-8984-E3FA078A5A0A}"
EndProject
Project("{2150E333-8FDC-42A3-9474-1A3956D46DE8}") = "OrderService", "OrderService", "{A60AE00D-B456-4F2E-8D07-78904689D660}"
EndProject
Project("{2150E333-8FDC-42A3-9474-1A3956D46DE8}") = "PaymentService", "PaymentService", "{B1136976-6E9B-4517-A618-2441C328AD97}"
EndProject
Project("{2150E333-8FDC-42A3-9474-1A3956D46DE8}") = "StockService", "StockService", "{8833DAEE-4965-484E-8763-E4C4D1753F6F}"
EndProject
Project("{2150E333-8FDC-42A3-9474-1A3956D46DE8}") = "Core", "Core", "{CE0FD7D6-3B29-4AD4-BD7D-AF5035057826}"
EndProject
Project("{2150E333-8FDC-42A3-9474-1A3956D46DE8}") = "Infrastructure", "Infrastructure", "{4A3E7B91-4230-4664-B94A-FBF89CC76528}"
EndProject
Project("{2150E333-8FDC-42A3-9474-1A3956D46DE8}") = "Presentation", "Presentation", "{609D7DFE-195D-4E13-ADB3-AE989EB85E3B}"
EndProject
Project("{2150E333-8FDC-42A3-9474-1A3956D46DE8}") = "Core", "Core", "{75AA91DF-F291-49D4-9E76-938B0301887D}"
EndProject
Project("{2150E333-8FDC-42A3-9474-1A3956D46DE8}") = "Infrastructure", "Infrastructure", "{2EE2C5CB-348D-4282-B3B5-F65A6504357C}"
EndProject
Project("{2150E333-8FDC-42A3-9474-1A3956D46DE8}") = "Presentation", "Presentation", "{8FA879BD-99B1-41E2-AE1F-660B2436B73E}"
EndProject
Project("{2150E333-8FDC-42A3-9474-1A3956D46DE8}") = "Infrastructure", "Infrastructure", "{CF5BBA1F-32D7-447E-99B8-E215F42607BF}"
EndProject
Project("{2150E333-8FDC-42A3-9474-1A3956D46DE8}") = "Presentation", "Presentation", "{BBE88446-EE5B-4AD3-80F1-1772DABFEE72}"
EndProject
Project("{2150E333-8FDC-42A3-9474-1A3956D46DE8}") = "Core", "Core", "{AE5B21ED-28D5-42E7-B757-EF2920F8DDB4}"
EndProject
Project("{FAE04EC0-301F-11D3-BF4B-00C04F79EFBC}") = "ECommerce.Shared", "src\Shared\ECommerce.Shared\ECommerce.Shared.csproj", "{E7F69523-E59C-4F98-AA03-94A0ED58CCEF}"
EndProject
Global
	GlobalSection(SolutionConfigurationPlatforms) = preSolution
		Debug|Any CPU = Debug|Any CPU
		Release|Any CPU = Release|Any CPU
	EndGlobalSection
	GlobalSection(ProjectConfigurationPlatforms) = postSolution
		{E7F69523-E59C-4F98-AA03-94A0ED58CCEF}.Debug|Any CPU.ActiveCfg = Debug|Any CPU
		{E7F69523-E59C-4F98-AA03-94A0ED58CCEF}.Debug|Any CPU.Build.0 = Debug|Any CPU
		{E7F69523-E59C-4F98-AA03-94A0ED58CCEF}.Release|Any CPU.ActiveCfg = Release|Any CPU
		{E7F69523-E59C-4F98-AA03-94A0ED58CCEF}.Release|Any CPU.Build.0 = Release|Any CPU
	EndGlobalSection
	GlobalSection(SolutionProperties) = preSolution
		HideSolutionNode = FALSE
	EndGlobalSection
	GlobalSection(NestedProjects) = preSolution
		{71F95CED-A074-4E72-986C-2D6FC762EFE8} = {8CB4688B-68D8-4B2B-BFE2-15CDE9627CE1}
		{148BCB3E-675C-4EC1-8984-E3FA078A5A0A} = {8CB4688B-68D8-4B2B-BFE2-15CDE9627CE1}
		{A60AE00D-B456-4F2E-8D07-78904689D660} = {71F95CED-A074-4E72-986C-2D6FC762EFE8}
		{B1136976-6E9B-4517-A618-2441C328AD97} = {71F95CED-A074-4E72-986C-2D6FC762EFE8}
		{8833DAEE-4965-484E-8763-E4C4D1753F6F} = {71F95CED-A074-4E72-986C-2D6FC762EFE8}
		{CE0FD7D6-3B29-4AD4-BD7D-AF5035057826} = {A60AE00D-B456-4F2E-8D07-78904689D660}
		{4A3E7B91-4230-4664-B94A-FBF89CC76528} = {A60AE00D-B456-4F2E-8D07-78904689D660}
		{609D7DFE-195D-4E13-ADB3-AE989EB85E3B} = {A60AE00D-B456-4F2E-8D07-78904689D660}
		{75AA91DF-F291-49D4-9E76-938B0301887D} = {B1136976-6E9B-4517-A618-2441C328AD97}
		{2EE2C5CB-348D-4282-B3B5-F65A6504357C} = {B1136976-6E9B-4517-A618-2441C328AD97}
		{8FA879BD-99B1-41E2-AE1F-660B2436B73E} = {B1136976-6E9B-4517-A618-2441C328AD97}
		{CF5BBA1F-32D7-447E-99B8-E215F42607BF} = {8833DAEE-4965-484E-8763-E4C4D1753F6F}
		{BBE88446-EE5B-4AD3-80F1-1772DABFEE72} = {8833DAEE-4965-484E-8763-E4C4D1753F6F}
		{AE5B21ED-28D5-42E7-B757-EF2920F8DDB4} = {8833DAEE-4965-484E-8763-E4C4D1753F6F}
		{E7F69523-E59C-4F98-AA03-94A0ED58CCEF} = {148BCB3E-675C-4EC1-8984-E3FA078A5A0A}
	EndGlobalSection
	GlobalSection(ExtensibilityGlobals) = postSolution
		SolutionGuid = {D5E28E11-EE4E-4AA3-AFC0-4B1BA2249679}
	EndGlobalSection
EndGlobal
